lockfileVersion: 5.4

specifiers:
  '@types/node': ^18.7.16
  browserslist: ^4.21.3
  lightningcss: ^1.14.0
  typescript: ^4.6.4

dependencies:
  browserslist: 4.21.3
  lightningcss: 1.14.0

devDependencies:
  '@types/node': 18.7.16
  typescript: 4.8.3

packages:

  /@types/node/18.7.16:
    resolution: {integrity: sha512-EQHhixfu+mkqHMZl1R2Ovuvn47PUw18azMJOTwSZr9/fhzHNGXAJ0ma0dayRVchprpCj0Kc1K1xKoWaATWF1qg==}
    dev: true

  /browserslist/4.21.3:
    resolution: {integrity: sha512-898rgRXLAyRkM1GryrrBHGkqA5hlpkV5MhtZwg9QXeiyLUYs2k00Un05aX5l2/yJIOObYKOpS2JNo8nJDE7fWQ==}
    engines: {node: ^6 || ^7 || ^8 || ^9 || ^10 || ^11 || ^12 || >=13.7}
    hasBin: true
    dependencies:
      caniuse-lite: 1.0.30001393
      electron-to-chromium: 1.4.246
      node-releases: 2.0.6
      update-browserslist-db: 1.0.7_browserslist@4.21.3
    dev: false

  /caniuse-lite/1.0.30001393:
    resolution: {integrity: sha512-N/od11RX+Gsk+1qY/jbPa0R6zJupEa0lxeBG598EbrtblxVCTJsQwbRBm6+V+rxpc5lHKdsXb9RY83cZIPLseA==}
    dev: false

  /detect-libc/1.0.3:
    resolution: {integrity: sha512-pGjwhsmsp4kL2RTz08wcOlGN83otlqHeD/Z5T8GXZB+/YcpQ/dgo+lbU8ZsGxV0HIvqqxo9l7mqYwyYMD9bKDg==}
    engines: {node: '>=0.10'}
    hasBin: true
    dev: false

  /electron-to-chromium/1.4.246:
    resolution: {integrity: sha512-/wFCHUE+Hocqr/LlVGsuKLIw4P2lBWwFIDcNMDpJGzyIysQV4aycpoOitAs32FT94EHKnNqDR/CVZJFbXEufJA==}
    dev: false

  /escalade/3.1.1:
    resolution: {integrity: sha512-k0er2gUkLf8O0zKJiAhmkTnJlTvINGv7ygDNPbeIsX/TJjGJZHuh9B2UxbsaEkmlEo9MfhrSzmhIlhRlI2GXnw==}
    engines: {node: '>=6'}
    dev: false

  /lightningcss-darwin-arm64/1.14.0:
    resolution: {integrity: sha512-AFt8Qs9Qjbg5AlB/3cYljanVEeyJI4C9bPqO8hI7bNa2HdDIINI4NgfGpri8BNwA3zcAlFPH38caIqcG3LWC+g==}
    engines: {node: '>= 12.0.0'}
    cpu: [arm64]
    os: [darwin]
    requiresBuild: true
    dev: false
    optional: true

  /lightningcss-darwin-x64/1.14.0:
    resolution: {integrity: sha512-xF9YSNxHiAOyYp5/Ogo4K+SybcQExWUi+vkIGnpO6zQsQda7KFgJt2aA3AwaEj9ouf2yUHHKcsk2TiixlZTtTg==}
    engines: {node: '>= 12.0.0'}
    cpu: [x64]
    os: [darwin]
    requiresBuild: true
    dev: false
    optional: true

  /lightningcss-linux-arm-gnueabihf/1.14.0:
    resolution: {integrity: sha512-8cH/qwZnoU3zIruVNWGLBDVm6f1w/ZC3eMDkFOTEF4FaW3jCpxEg/BH5r04lNUM/SO6Zu2C+vgJaEKdUm58dQg==}
    engines: {node: '>= 12.0.0'}
    cpu: [arm]
    os: [linux]
    requiresBuild: true
    dev: false
    optional: true

  /lightningcss-linux-arm64-gnu/1.14.0:
    resolution: {integrity: sha512-88NmNwTRa10MRDJa2DghZuGZq8rvFeZIm0G4k/oA2P5XaJJw7f6IhDEjCtBoruYOZhulBkEq2xQY+q0AWYMFcw==}
    engines: {node: '>= 12.0.0'}
    cpu: [arm64]
    os: [linux]
    requiresBuild: true
    dev: false
    optional: true

  /lightningcss-linux-arm64-musl/1.14.0:
    resolution: {integrity: sha512-8FSXmV7yPqk+1vErgdEO6OvDXDT/MkJMF+jSaUuL5wEvCC5yiJsaktNEJvn5EHsFbODi9DNvUt71sjeFCJma1w==}
    engines: {node: '>= 12.0.0'}
    cpu: [arm64]
    os: [linux]
    requiresBuild: true
    dev: false
    optional: true

  /lightningcss-linux-x64-gnu/1.14.0:
    resolution: {integrity: sha512-+dcNezLgUdAozcc6c0YSnZyRcOpro/yOOdy6ZjIwQtxej/5sEVJhXWbyHhdwSSlJssg/d+/7ihxEJIdZ8oDIfw==}
    engines: {node: '>= 12.0.0'}
    cpu: [x64]
    os: [linux]
    requiresBuild: true
    dev: false
    optional: true

  /lightningcss-linux-x64-musl/1.14.0:
    resolution: {integrity: sha512-TI8tIaYv6SBpoBGatCG8gKQMxMCUcc+rvBSrqU7geHFBwzzyxOEHflENMclfwiYjTEM/HMdgJbWuHsIY3xvkuQ==}
    engines: {node: '>= 12.0.0'}
    cpu: [x64]
    os: [linux]
    requiresBuild: true
    dev: false
    optional: true

  /lightningcss-win32-x64-msvc/1.14.0:
    resolution: {integrity: sha512-l2H8GoDn+WJAENKrIgNgRunqP3gvyBQwBmFqIXpuxx9G6ll2aTlyQsvsVxzJWJ5ePl3atNRGFQO+ZkiTNSm71A==}
    engines: {node: '>= 12.0.0'}
    cpu: [x64]
    os: [win32]
    requiresBuild: true
    dev: false
    optional: true

  /lightningcss/1.14.0:
    resolution: {integrity: sha512-Vwa1JWiLGRLntf4TXRu/zF2RaHRfJjbZwUzkl2C4LhnRQzsEwkyeAQjAxtpJ5NDnVVUf10q1olEzkFF4AWZLOw==}
    engines: {node: '>= 12.0.0'}
    dependencies:
      detect-libc: 1.0.3
    optionalDependencies:
      lightningcss-darwin-arm64: 1.14.0
      lightningcss-darwin-x64: 1.14.0
      lightningcss-linux-arm-gnueabihf: 1.14.0
      lightningcss-linux-arm64-gnu: 1.14.0
      lightningcss-linux-arm64-musl: 1.14.0
      lightningcss-linux-x64-gnu: 1.14.0
      lightningcss-linux-x64-musl: 1.14.0
      lightningcss-win32-x64-msvc: 1.14.0
    dev: false

  /node-releases/2.0.6:
    resolution: {integrity: sha512-PiVXnNuFm5+iYkLBNeq5211hvO38y63T0i2KKh2KnUs3RpzJ+JtODFjkD8yjLwnDkTYF1eKXheUwdssR+NRZdg==}
    dev: false

  /picocolors/1.0.0:
    resolution: {integrity: sha512-1fygroTLlHu66zi26VoTDv8yRgm0Fccecssto+MhsZ0D/DGW2sm8E8AjW7NU5VVTRt5GxbeZ5qBuJr+HyLYkjQ==}
    dev: false

  /typescript/4.8.3:
    resolution: {integrity: sha512-goMHfm00nWPa8UvR/CPSvykqf6dVV8x/dp0c5mFTMTIu0u0FlGWRioyy7Nn0PGAdHxpJZnuO/ut+PpQ8UiHAig==}
    engines: {node: '>=4.2.0'}
    hasBin: true
    dev: true

  /update-browserslist-db/1.0.7_browserslist@4.21.3:
    resolution: {integrity: sha512-iN/XYesmZ2RmmWAiI4Z5rq0YqSiv0brj9Ce9CfhNE4xIW2h+MFxcgkxIzZ+ShkFPUkjU3gQ+3oypadD3RAMtrg==}
    hasBin: true
    peerDependencies:
      browserslist: '>= 4.21.0'
    dependencies:
      browserslist: 4.21.3
      escalade: 3.1.1
      picocolors: 1.0.0
    dev: false
